
Microsoft Visual Studio Solution File, Format Version 12.00
# Visual Studio 15
Project("{FAE04EC0-301F-11D3-BF4B-00C04F79EFBC}") = "Assembly-CSharp", "Assembly-CSharp.csproj", "{01FA3E96-D66B-C02E-F13F-D095673A19A1}"
EndProject
Project("{FAE04EC0-301F-11D3-BF4B-00C04F79EFBC}") = "Assembly-CSharp-firstpass", "Assembly-CSharp-firstpass.csproj", "{2597380E-C32E-D305-6339-E5B44C33CB1C}"
EndProject
Project("{FAE04EC0-301F-11D3-BF4B-00C04F79EFBC}") = "Assembly-CSharp-Editor", "Assembly-CSharp-Editor.csproj", "{32A3E77E-A4AE-0961-90D5-00FD42D0F400}"
EndProject
Global
	GlobalSection(SolutionConfigurationPlatforms) = preSolution
		Debug|Any CPU = Debug|Any CPU
		Release|Any CPU = Release|Any CPU
	EndGlobalSection
	GlobalSection(ProjectConfigurationPlatforms) = postSolution
		{01FA3E96-D66B-C02E-F13F-D095673A19A1}.Debug|Any CPU.ActiveCfg = Debug|Any CPU
		{01FA3E96-D66B-C02E-F13F-D095673A19A1}.Debug|Any CPU.Build.0 = Debug|Any CPU
		{01FA3E96-D66B-C02E-F13F-D095673A19A1}.Release|Any CPU.ActiveCfg = Release|Any CPU
		{01FA3E96-D66B-C02E-F13F-D095673A19A1}.Release|Any CPU.Build.0 = Release|Any CPU
		{2597380E-C32E-D305-6339-E5B44C33CB1C}.Debug|Any CPU.ActiveCfg = Debug|Any CPU
		{2597380E-C32E-D305-6339-E5B44C33CB1C}.Debug|Any CPU.Build.0 = Debug|Any CPU
		{2597380E-C32E-D305-6339-E5B44C33CB1C}.Release|Any CPU.ActiveCfg = Release|Any CPU
		{2597380E-C32E-D305-6339-E5B44C33CB1C}.Release|Any CPU.Build.0 = Release|Any CPU
		{32A3E77E-A4AE-0961-90D5-00FD42D0F400}.Debug|Any CPU.ActiveCfg = Debug|Any CPU
		{32A3E77E-A4AE-0961-90D5-00FD42D0F400}.Debug|Any CPU.Build.0 = Debug|Any CPU
		{32A3E77E-A4AE-0961-90D5-00FD42D0F400}.Release|Any CPU.ActiveCfg = Release|Any CPU
		{32A3E77E-A4AE-0961-90D5-00FD42D0F400}.Release|Any CPU.Build.0 = Release|Any CPU
	EndGlobalSection
	GlobalSection(SolutionProperties) = preSolution
		HideSolutionNode = FALSE
	EndGlobalSection
EndGlobal
